// !$*UTF8*$!
{
	archiveVersion = 1;
	classes = {
	};
	objectVersion = 46;
	objects = {

/* Begin PBXBuildFile section */
		3BF751D01CBB950500538924 /* main.m in Sources */ = {isa = PBXBuildFile; fileRef = 3BF751CF1CBB950500538924 /* main.m */; };
		3BF751D31CBB950500538924 /* AppDelegate.m in Sources */ = {isa = PBXBuildFile; fileRef = 3BF751D21CBB950500538924 /* AppDelegate.m */; };
		3BF751D61CBB950500538924 /* ViewController.m in Sources */ = {isa = PBXBuildFile; fileRef = 3BF751D51CBB950500538924 /* ViewController.m */; };
		3BF751D91CBB950500538924 /* Main.storyboard in Resources */ = {isa = PBXBuildFile; fileRef = 3BF751D71CBB950500538924 /* Main.storyboard */; };
		3BF751DB1CBB950500538924 /* Assets.xcassets in Resources */ = {isa = PBXBuildFile; fileRef = 3BF751DA1CBB950500538924 /* Assets.xcassets */; };
		3BF751DE1CBB950600538924 /* LaunchScreen.storyboard in Resources */ = {isa = PBXBuildFile; fileRef = 3BF751DC1CBB950600538924 /* LaunchScreen.storyboard */; };
		3BF751E91CBB950600538924 /* transmitTests.m in Sources */ = {isa = PBXBuildFile; fileRef = 3BF751E81CBB950600538924 /* transmitTests.m */; };
		3BF751F51CBBA25200538924 /* headView.m in Sources */ = {isa = PBXBuildFile; fileRef = 3BF751F41CBBA25200538924 /* headView.m */; };
		3BF751FC1CBC881900538924 /* presentedVC.m in Sources */ = {isa = PBXBuildFile; fileRef = 3BF751FB1CBC881900538924 /* presentedVC.m */; };
/* End PBXBuildFile section */

/* Begin PBXContainerItemProxy section */
		3BF751E51CBB950600538924 /* PBXContainerItemProxy */ = {
			isa = PBXContainerItemProxy;
			containerPortal = 3BF751C31CBB950500538924 /* Project object */;
			proxyType = 1;
			remoteGlobalIDString = 3BF751CA1CBB950500538924;
			remoteInfo = transmit;
		};
/* End PBXContainerItemProxy section */

/* Begin PBXFileReference section */
		3BF751CB1CBB950500538924 /* transmit.app */ = {isa = PBXFileReference; explicitFileType = wrapper.application; includeInIndex = 0; path = transmit.app; sourceTree = BUILT_PRODUCTS_DIR; };
		3BF751CF1CBB950500538924 /* main.m */ = {isa = PBXFileReference; lastKnownFileType = sourcecode.c.objc; path = main.m; sourceTree = "<group>"; };
		3BF751D11CBB950500538924 /* AppDelegate.h */ = {isa = PBXFileReference; lastKnownFileType = sourcecode.c.h; path = AppDelegate.h; sourceTree = "<group>"; };
		3BF751D21CBB950500538924 /* AppDelegate.m */ = {isa = PBXFileReference; lastKnownFileType = sourcecode.c.objc; path = AppDelegate.m; sourceTree = "<group>"; };
		3BF751D41CBB950500538924 /* ViewController.h */ = {isa = PBXFileReference; lastKnownFileType = sourcecode.c.h; path = ViewController.h; sourceTree = "<group>"; };
		3BF751D51CBB950500538924 /* ViewController.m */ = {isa = PBXFileReference; lastKnownFileType = sourcecode.c.objc; path = ViewController.m; sourceTree = "<group>"; };
		3BF751D81CBB950500538924 /* Base */ = {isa = PBXFileReference; lastKnownFileType = file.storyboard; name = Base; path = Base.lproj/Main.storyboard; sourceTree = "<group>"; };
		3BF751DA1CBB950500538924 /* Assets.xcassets */ = {isa = PBXFileReference; lastKnownFileType = folder.assetcatalog; path = Assets.xcassets; sourceTree = "<group>"; };
		3BF751DD1CBB950600538924 /* Base */ = {isa = PBXFileReference; lastKnownFileType = file.storyboard; name = Base; path = Base.lproj/LaunchScreen.storyboard; sourceTree = "<group>"; };
		3BF751DF1CBB950600538924 /* Info.plist */ = {isa = PBXFileReference; lastKnownFileType = text.plist.xml; path = Info.plist; sourceTree = "<group>"; };
		3BF751E41CBB950600538924 /* transmitTests.xctest */ = {isa = PBXFileReference; explicitFileType = wrapper.cfbundle; includeInIndex = 0; path = transmitTests.xctest; sourceTree = BUILT_PRODUCTS_DIR; };
		3BF751E81CBB950600538924 /* transmitTests.m */ = {isa = PBXFileReference; lastKnownFileType = sourcecode.c.objc; path = transmitTests.m; sourceTree = "<group>"; };
		3BF751EA1CBB950600538924 /* Info.plist */ = {isa = PBXFileReference; lastKnownFileType = text.plist.xml; path = Info.plist; sourceTree = "<group>"; };
		3BF751F31CBBA25200538924 /* headView.h */ = {isa = PBXFileReference; fileEncoding = 4; lastKnownFileType = sourcecode.c.h; path = headView.h; sourceTree = "<group>"; };
		3BF751F41CBBA25200538924 /* headView.m */ = {isa = PBXFileReference; fileEncoding = 4; lastKnownFileType = sourcecode.c.objc; path = headView.m; sourceTree = "<group>"; };
		3BF751FA1CBC881900538924 /* presentedVC.h */ = {isa = PBXFileReference; fileEncoding = 4; lastKnownFileType = sourcecode.c.h; path = presentedVC.h; sourceTree = "<group>"; };
		3BF751FB1CBC881900538924 /* presentedVC.m */ = {isa = PBXFileReference; fileEncoding = 4; lastKnownFileType = sourcecode.c.objc; path = presentedVC.m; sourceTree = "<group>"; };
/* End PBXFileReference section */

/* Begin PBXFrameworksBuildPhase section */
		3BF751C81CBB950500538924 /* Frameworks */ = {
			isa = PBXFrameworksBuildPhase;
			buildActionMask = 2147483647;
			files = (
			);
			runOnlyForDeploymentPostprocessing = 0;
		};
		3BF751E11CBB950600538924 /* Frameworks */ = {
			isa = PBXFrameworksBuildPhase;
			buildActionMask = 2147483647;
			files = (
			);
			runOnlyForDeploymentPostprocessing = 0;
		};
/* End PBXFrameworksBuildPhase section */

/* Begin PBXGroup section */
		3BF751C21CBB950500538924 = {
			isa = PBXGroup;
			children = (
				3BF751CD1CBB950500538924 /* transmit */,
				3BF751E71CBB950600538924 /* transmitTests */,
				3BF751CC1CBB950500538924 /* Products */,
			);
			sourceTree = "<group>";
		};
		3BF751CC1CBB950500538924 /* Products */ = {
			isa = PBXGroup;
			children = (
				3BF751CB1CBB950500538924 /* transmit.app */,
				3BF751E41CBB950600538924 /* transmitTests.xctest */,
			);
			name = Products;
			sourceTree = "<group>";
		};
		3BF751CD1CBB950500538924 /* transmit */ = {
			isa = PBXGroup;
			children = (
				3BF751F31CBBA25200538924 /* headView.h */,
				3BF751F41CBBA25200538924 /* headView.m */,
				3BF751D11CBB950500538924 /* AppDelegate.h */,
				3BF751D21CBB950500538924 /* AppDelegate.m */,
				3BF751D41CBB950500538924 /* ViewController.h */,
				3BF751D51CBB950500538924 /* ViewController.m */,
				3BF751D71CBB950500538924 /* Main.storyboard */,
				3BF751DA1CBB950500538924 /* Assets.xcassets */,
				3BF751DC1CBB950600538924 /* LaunchScreen.storyboard */,
				3BF751DF1CBB950600538924 /* Info.plist */,
				3BF751CE1CBB950500538924 /* Supporting Files */,
				3BF751FA1CBC881900538924 /* presentedVC.h */,
				3BF751FB1CBC881900538924 /* presentedVC.m */,
			);
			path = transmit;
			sourceTree = "<group>";
		};
		3BF751CE1CBB950500538924 /* Supporting Files */ = {
			isa = PBXGroup;
			children = (
				3BF751CF1CBB950500538924 /* main.m */,
			);
			name = "Supporting Files";
			sourceTree = "<group>";
		};
		3BF751E71CBB950600538924 /* transmitTests */ = {
			isa = PBXGroup;
			children = (
				3BF751E81CBB950600538924 /* transmitTests.m */,
				3BF751EA1CBB950600538924 /* Info.plist */,
			);
			path = transmitTests;
			sourceTree = "<group>";
		};
/* End PBXGroup section */

/* Begin PBXNativeTarget section */
		3BF751CA1CBB950500538924 /* transmit */ = {
			isa = PBXNativeTarget;
			buildConfigurationList = 3BF751ED1CBB950600538924 /* Build configuration list for PBXNativeTarget "transmit" */;
			buildPhases = (
				3BF751C71CBB950500538924 /* Sources */,
				3BF751C81CBB950500538924 /* Frameworks */,
				3BF751C91CBB950500538924 /* Resources */,
			);
			buildRules = (
			);
			dependencies = (
			);
			name = transmit;
			productName = transmit;
			productReference = 3BF751CB1CBB950500538924 /* transmit.app */;
			productType = "com.apple.product-type.application";
		};
		3BF751E31CBB950600538924 /* transmitTests */ = {
			isa = PBXNativeTarget;
			buildConfigurationList = 3BF751F01CBB950600538924 /* Build configuration list for PBXNativeTarget "transmitTests" */;
			buildPhases = (
				3BF751E01CBB950600538924 /* Sources */,
				3BF751E11CBB950600538924 /* Frameworks */,
				3BF751E21CBB950600538924 /* Resources */,
			);
			buildRules = (
			);
			dependencies = (
				3BF751E61CBB950600538924 /* PBXTargetDependency */,
			);
			name = transmitTests;
			productName = transmitTests;
			productReference = 3BF751E41CBB950600538924 /* transmitTests.xctest */;
			productType = "com.apple.product-type.bundle.unit-test";
		};
/* End PBXNativeTarget section */

/* Begin PBXProject section */
		3BF751C31CBB950500538924 /* Project object */ = {
			isa = PBXProject;
			attributes = {
				LastUpgradeCheck = 0720;
				ORGANIZATIONNAME = lei_dream;
				TargetAttributes = {
					3BF751CA1CBB950500538924 = {
						CreatedOnToolsVersion = 7.2;
					};
					3BF751E31CBB950600538924 = {
						CreatedOnToolsVersion = 7.2;
						TestTargetID = 3BF751CA1CBB950500538924;
					};
				};
			};
			buildConfigurationList = 3BF751C61CBB950500538924 /* Build configuration list for PBXProject "transmit" */;
			compatibilityVersion = "Xcode 3.2";
			developmentRegion = English;
			hasScannedForEncodings = 0;
			knownRegions = (
				en,
				Base,
			);
			mainGroup = 3BF751C21CBB950500538924;
			productRefGroup = 3BF751CC1CBB950500538924 /* Products */;
			projectDirPath = "";
			projectRoot = "";
			targets = (
				3BF751CA1CBB950500538924 /* transmit */,
				3BF751E31CBB950600538924 /* transmitTests */,
			);
		};
/* End PBXProject section */

/* Begin PBXResourcesBuildPhase section */
		3BF751C91CBB950500538924 /* Resources */ = {
			isa = PBXResourcesBuildPhase;
			buildActionMask = 2147483647;
			files = (
				3BF751DE1CBB950600538924 /* LaunchScreen.storyboard in Resources */,
				3BF751DB1CBB950500538924 /* Assets.xcassets in Resources */,
				3BF751D91CBB950500538924 /* Main.storyboard in Resources */,
			);
			runOnlyForDeploymentPostprocessing = 0;
		};
		3BF751E21CBB950600538924 /* Resources */ = {
			isa = PBXResourcesBuildPhase;
			buildActionMask = 2147483647;
			files = (
			);
			runOnlyForDeploymentPostprocessing = 0;
		};
/* End PBXResourcesBuildPhase section */

/* Begin PBXSourcesBuildPhase section */
		3BF751C71CBB950500538924 /* Sources */ = {
			isa = PBXSourcesBuildPhase;
			buildActionMask = 2147483647;
			files = (
				3BF751D61CBB950500538924 /* ViewController.m in Sources */,
				3BF751D31CBB950500538924 /* AppDelegate.m in Sources */,
				3BF751F51CBBA25200538924 /* headView.m in Sources */,
				3BF751FC1CBC881900538924 /* presentedVC.m in Sources */,
				3BF751D01CBB950500538924 /* main.m in Sources */,
			);
			runOnlyForDeploymentPostprocessing = 0;
		};
		3BF751E01CBB950600538924 /* Sources */ = {
			isa = PBXSourcesBuildPhase;
			buildActionMask = 2147483647;
			files = (
				3BF751E91CBB950600538924 /* transmitTests.m in Sources */,
			);
			runOnlyForDeploymentPostprocessing = 0;
		};
/* End PBXSourcesBuildPhase section */

/* Begin PBXTargetDependency section */
		3BF751E61CBB950600538924 /* PBXTargetDependency */ = {
			isa = PBXTargetDependency;
			target = 3BF751CA1CBB950500538924 /* transmit */;
			targetProxy = 3BF751E51CBB950600538924 /* PBXContainerItemProxy */;
		};
/* End PBXTargetDependency section */

/* Begin PBXVariantGroup section */
		3BF751D71CBB950500538924 /* Main.storyboard */ = {
			isa = PBXVariantGroup;
			children = (
				3BF751D81CBB950500538924 /* Base */,
			);
			name = Main.storyboard;
			sourceTree = "<group>";
		};
		3BF751DC1CBB950600538924 /* LaunchScreen.storyboard */ = {
			isa = PBXVariantGroup;
			children = (
				3BF751DD1CBB950600538924 /* Base */,
			);
			name = LaunchScreen.storyboard;
			sourceTree = "<group>";
		};
/* End PBXVariantGroup section */

/* Begin XCBuildConfiguration section */
		3BF751EB1CBB950600538924 /* Debug */ = {
			isa = XCBuildConfiguration;
			buildSettings = {
				ALWAYS_SEARCH_USER_PATHS = NO;
				CLANG_CXX_LANGUAGE_STANDARD = "gnu++0x";
				CLANG_CXX_LIBRARY = "libc++";
				CLANG_ENABLE_MODULES = YES;
				CLANG_ENABLE_OBJC_ARC = YES;
				CLANG_WARN_BOOL_CONVERSION = YES;
				CLANG_WARN_CONSTANT_CONVERSION = YES;
				CLANG_WARN_DIRECT_OBJC_ISA_USAGE = YES_ERROR;
				CLANG_WARN_EMPTY_BODY = YES;
				CLANG_WARN_ENUM_CONVERSION = YES;
				CLANG_WARN_INT_CONVERSION = YES;
				CLANG_WARN_OBJC_ROOT_CLASS = YES_ERROR;
				CLANG_WARN_UNREACHABLE_CODE = YES;
				CLANG_WARN__DUPLICATE_METHOD_MATCH = YES;
				"CODE_SIGN_IDENTITY[sdk=iphoneos*]" = "iPhone Developer";
				COPY_PHASE_STRIP = NO;
				DEBUG_INFORMATION_FORMAT = dwarf;
				ENABLE_STRICT_OBJC_MSGSEND = YES;
				ENABLE_TESTABILITY = YES;
				GCC_C_LANGUAGE_STANDARD = gnu99;
				GCC_DYNAMIC_NO_PIC = NO;
				GCC_NO_COMMON_BLOCKS = YES;
				GCC_OPTIMIZATION_LEVEL = 0;
				GCC_PREPROCESSOR_DEFINITIONS = (
					"DEBUG=1",
					"$(inherited)",
				);
				GCC_WARN_64_TO_32_BIT_CONVERSION = YES;
				GCC_WARN_ABOUT_RETURN_TYPE = YES_ERROR;
				GCC_WARN_UNDECLARED_SELECTOR = YES;
				GCC_WARN_UNINITIALIZED_AUTOS = YES_AGGRESSIVE;
				GCC_WARN_UNUSED_FUNCTION = YES;
				GCC_WARN_UNUSED_VARIABLE = YES;
				IPHONEOS_DEPLOYMENT_TARGET = 9.2;
				MTL_ENABLE_DEBUG_INFO = YES;
				ONLY_ACTIVE_ARCH = YES;
				SDKROOT = iphoneos;
			};
			name = Debug;
		};
		3BF751EC1CBB950600538924 /* Release */ = {
			isa = XCBuildConfiguration;
			buildSettings = {
				ALWAYS_SEARCH_USER_PATHS = NO;
				CLANG_CXX_LANGUAGE_STANDARD = "gnu++0x";
				CLANG_CXX_LIBRARY = "libc++";
				CLANG_ENABLE_MODULES = YES;
				CLANG_ENABLE_OBJC_ARC = YES;
				CLANG_WARN_BOOL_CONVERSION = YES;
				CLANG_WARN_CONSTANT_CONVERSION = YES;
				CLANG_WARN_DIRECT_OBJC_ISA_USAGE = YES_ERROR;
				CLANG_WARN_EMPTY_BODY = YES;
				CLANG_WARN_ENUM_CONVERSION = YES;
				CLANG_WARN_INT_CONVERSION = YES;
				CLANG_WARN_OBJC_ROOT_CLASS = YES_ERROR;
				CLANG_WARN_UNREACHABLE_CODE = YES;
				CLANG_WARN__DUPLICATE_METHOD_MATCH = YES;
				"CODE_SIGN_IDENTITY[sdk=iphoneos*]" = "iPhone Developer";
				COPY_PHASE_STRIP = NO;
				DEBUG_INFORMATION_FORMAT = "dwarf-with-dsym";
				ENABLE_NS_ASSERTIONS = NO;
				ENABLE_STRICT_OBJC_MSGSEND = YES;
				GCC_C_LANGUAGE_STANDARD = gnu99;
				GCC_NO_COMMON_BLOCKS = YES;
				GCC_WARN_64_TO_32_BIT_CONVERSION = YES;
				GCC_WARN_ABOUT_RETURN_TYPE = YES_ERROR;
				GCC_WARN_UNDECLARED_SELECTOR = YES;
				GCC_WARN_UNINITIALIZED_AUTOS = YES_AGGRESSIVE;
				GCC_WARN_UNUSED_FUNCTION = YES;
				GCC_WARN_UNUSED_VARIABLE = YES;
				IPHONEOS_DEPLOYMENT_TARGET = 9.2;
				MTL_ENABLE_DEBUG_INFO = NO;
				SDKROOT = iphoneos;
				VALIDATE_PRODUCT = YES;
			};
			name = Release;
		};
		3BF751EE1CBB950600538924 /* Debug */ = {
			isa = XCBuildConfiguration;
			buildSettings = {
				ASSETCATALOG_COMPILER_APPICON_NAME = AppIcon;
				INFOPLIST_FILE = transmit/Info.plist;
				LD_RUNPATH_SEARCH_PATHS = "$(inherited) @executable_path/Frameworks";
				PRODUCT_BUNDLE_IDENTIFIER = Windream.transmit;
				PRODUCT_NAME = "$(TARGET_NAME)";
			};
			name = Debug;
		};
		3BF751EF1CBB950600538924 /* Release */ = {
			isa = XCBuildConfiguration;
			buildSettings = {
				ASSETCATALOG_COMPILER_APPICON_NAME = AppIcon;
				INFOPLIST_FILE = transmit/Info.plist;
				LD_RUNPATH_SEARCH_PATHS = "$(inherited) @executable_path/Frameworks";
				PRODUCT_BUNDLE_IDENTIFIER = Windream.transmit;
				PRODUCT_NAME = "$(TARGET_NAME)";
			};
			name = Release;
		};
		3BF751F11CBB950600538924 /* Debug */ = {
			isa = XCBuildConfiguration;
			buildSettings = {
				BUNDLE_LOADER = "$(TEST_HOST)";
				INFOPLIST_FILE = transmitTests/Info.plist;
				LD_RUNPATH_SEARCH_PATHS = "$(inherited) @executable_path/Frameworks @loader_path/Frameworks";
				PRODUCT_BUNDLE_IDENTIFIER = Windream.transmitTests;
				PRODUCT_NAME = "$(TARGET_NAME)";
				TEST_HOST = "$(BUILT_PRODUCTS_DIR)/transmit.app/transmit";
			};
			name = Debug;
		};
		3BF751F21CBB950600538924 /* Release */ = {
			isa = XCBuildConfiguration;
			buildSettings = {
				BUNDLE_LOADER = "$(TEST_HOST)";
				INFOPLIST_FILE = transmitTests/Info.plist;
				LD_RUNPATH_SEARCH_PATHS = "$(inherited) @executable_path/Frameworks @loader_path/Frameworks";
				PRODUCT_BUNDLE_IDENTIFIER = Windream.transmitTests;
				PRODUCT_NAME = "$(TARGET_NAME)";
				TEST_HOST = "$(BUILT_PRODUCTS_DIR)/transmit.app/transmit";
			};
			name = Release;
		};
/* End XCBuildConfiguration section */

/* Begin XCConfigurationList section */
		3BF751C61CBB950500538924 /* Build configuration list for PBXProject "transmit" */ = {
			isa = XCConfigurationList;
			buildConfigurations = (
				3BF751EB1CBB950600538924 /* Debug */,
				3BF751EC1CBB950600538924 /* Release */,
			);
			defaultConfigurationIsVisible = 0;
			defaultConfigurationName = Release;
		};
		3BF751ED1CBB950600538924 /* Build configuration list for PBXNativeTarget "transmit" */ = {
			isa = XCConfigurationList;
			buildConfigurations = (
				3BF751EE1CBB950600538924 /* Debug */,
				3BF751EF1CBB950600538924 /* Release */,
			);
			defaultConfigurationIsVisible = 0;
		};
		3BF751F01CBB950600538924 /* Build configuration list for PBXNativeTarget "transmitTests" */ = {
			isa = XCConfigurationList;
			buildConfigurations = (
				3BF751F11CBB950600538924 /* Debug */,
				3BF751F21CBB950600538924 /* Release */,
			);
			defaultConfigurationIsVisible = 0;
		};
/* End XCConfigurationList section */
	};
	rootObject = 3BF751C31CBB950500538924 /* Project object */;
}
